
Microsoft Visual Studio Solution File, Format Version 12.00
# Visual Studio Version 16
VisualStudioVersion = 16.0.30611.23
MinimumVisualStudioVersion = 10.0.40219.1
Project("{FAE04EC0-301F-11D3-BF4B-00C04F79EFBC}") = "1_hafta", "1_hafta\1_hafta.csproj", "{BC42C712-7336-4E83-A18D-B32B9F91D6BC}"
EndProject
Global
	GlobalSection(SolutionConfigurationPlatforms) = preSolution
		Debug|Any CPU = Debug|Any CPU
		Release|Any CPU = Release|Any CPU
	EndGlobalSection
	GlobalSection(ProjectConfigurationPlatforms) = postSolution
		{BC42C712-7336-4E83-A18D-B32B9F91D6BC}.Debug|Any CPU.ActiveCfg = Debug|Any CPU
		{BC42C712-7336-4E83-A18D-B32B9F91D6BC}.Debug|Any CPU.Build.0 = Debug|Any CPU
		{BC42C712-7336-4E83-A18D-B32B9F91D6BC}.Release|Any CPU.ActiveCfg = Release|Any CPU
		{BC42C712-7336-4E83-A18D-B32B9F91D6BC}.Release|Any CPU.Build.0 = Release|Any CPU
	EndGlobalSection
	GlobalSection(SolutionProperties) = preSolution
		HideSolutionNode = FALSE
	EndGlobalSection
	GlobalSection(ExtensibilityGlobals) = postSolution
		SolutionGuid = {BD1BAEEE-22B3-4C8A-8C5C-B4E879C13677}
	EndGlobalSection
EndGlobal
